
Microsoft Visual Studio Solution File, Format Version 12.00
# Visual Studio 15
VisualStudioVersion = 15.0.28307.645
MinimumVisualStudioVersion = 10.0.40219.1
Project("{8BC9CEB8-8B4A-11D0-8D11-00A0C91BC942}") = "MFTMediaTypeDump", "MFTMediaTypeDump\MFTMediaTypeDump.vcxproj", "{2C0A5D22-AEA4-405C-B38A-2CD8B639ABEB}"
EndProject
Global
	GlobalSection(SolutionConfigurationPlatforms) = preSolution
		Debug|x64 = Debug|x64
		Debug|x86 = Debug|x86
		Release|x64 = Release|x64
		Release|x86 = Release|x86
	EndGlobalSection
	GlobalSection(ProjectConfigurationPlatforms) = postSolution
		{2C0A5D22-AEA4-405C-B38A-2CD8B639ABEB}.Debug|x64.ActiveCfg = Debug|x64
		{2C0A5D22-AEA4-405C-B38A-2CD8B639ABEB}.Debug|x64.Build.0 = Debug|x64
		{2C0A5D22-AEA4-405C-B38A-2CD8B639ABEB}.Debug|x86.ActiveCfg = Debug|Win32
		{2C0A5D22-AEA4-405C-B38A-2CD8B639ABEB}.Debug|x86.Build.0 = Debug|Win32
		{2C0A5D22-AEA4-405C-B38A-2CD8B639ABEB}.Release|x64.ActiveCfg = Release|x64
		{2C0A5D22-AEA4-405C-B38A-2CD8B639ABEB}.Release|x64.Build.0 = Release|x64
		{2C0A5D22-AEA4-405C-B38A-2CD8B639ABEB}.Release|x86.ActiveCfg = Release|Win32
		{2C0A5D22-AEA4-405C-B38A-2CD8B639ABEB}.Release|x86.Build.0 = Release|Win32
	EndGlobalSection
	GlobalSection(SolutionProperties) = preSolution
		HideSolutionNode = FALSE
	EndGlobalSection
	GlobalSection(ExtensibilityGlobals) = postSolution
		SolutionGuid = {702976B9-70EC-41A9-98BE-4790662FC3CC}
	EndGlobalSection
EndGlobal
