
Microsoft Visual Studio Solution File, Format Version 12.00
# Visual Studio Version 17
VisualStudioVersion = 17.9.34728.123
MinimumVisualStudioVersion = 10.0.40219.1
Project("{8BC9CEB8-8B4A-11D0-8D11-00A0C91BC942}") = "ControlMonitorHelperWinRT", "..\ControlMonitorApp\ControlMonitorHelper\ControlMonitorHelperWinRT.vcxproj", "{3AC253A5-A383-49D8-ACC0-102C1E46E42F}"
EndProject
Project("{9A19103F-16F7-4668-BE54-9A1E7A4F7556}") = "WindowsStudioSample_WinUI", "WindowsStudioSample_WinUI\WindowsStudioSample_WinUI.csproj", "{80DC76D0-9378-4D68-A097-998F601F0F18}"
EndProject
Global
	GlobalSection(SolutionConfigurationPlatforms) = preSolution
		Debug|Any CPU = Debug|Any CPU
		Debug|ARM64 = Debug|ARM64
		Debug|x64 = Debug|x64
		Debug|x86 = Debug|x86
		Release|Any CPU = Release|Any CPU
		Release|ARM64 = Release|ARM64
		Release|x64 = Release|x64
		Release|x86 = Release|x86
	EndGlobalSection
	GlobalSection(ProjectConfigurationPlatforms) = postSolution
		{3AC253A5-A383-49D8-ACC0-102C1E46E42F}.Debug|Any CPU.ActiveCfg = Debug|x64
		{3AC253A5-A383-49D8-ACC0-102C1E46E42F}.Debug|ARM64.ActiveCfg = Debug|ARM64
		{3AC253A5-A383-49D8-ACC0-102C1E46E42F}.Debug|ARM64.Build.0 = Debug|ARM64
		{3AC253A5-A383-49D8-ACC0-102C1E46E42F}.Debug|x64.ActiveCfg = Debug|x64
		{3AC253A5-A383-49D8-ACC0-102C1E46E42F}.Debug|x64.Build.0 = Debug|x64
		{3AC253A5-A383-49D8-ACC0-102C1E46E42F}.Debug|x86.ActiveCfg = Debug|x64
		{3AC253A5-A383-49D8-ACC0-102C1E46E42F}.Debug|x86.Build.0 = Debug|x64
		{3AC253A5-A383-49D8-ACC0-102C1E46E42F}.Release|Any CPU.ActiveCfg = Release|x64
		{3AC253A5-A383-49D8-ACC0-102C1E46E42F}.Release|ARM64.ActiveCfg = Release|ARM64
		{3AC253A5-A383-49D8-ACC0-102C1E46E42F}.Release|ARM64.Build.0 = Release|ARM64
		{3AC253A5-A383-49D8-ACC0-102C1E46E42F}.Release|x64.ActiveCfg = Release|x64
		{3AC253A5-A383-49D8-ACC0-102C1E46E42F}.Release|x64.Build.0 = Release|x64
		{3AC253A5-A383-49D8-ACC0-102C1E46E42F}.Release|x86.ActiveCfg = Release|x64
		{3AC253A5-A383-49D8-ACC0-102C1E46E42F}.Release|x86.Build.0 = Release|x64
		{80DC76D0-9378-4D68-A097-998F601F0F18}.Debug|Any CPU.ActiveCfg = Debug|x64
		{80DC76D0-9378-4D68-A097-998F601F0F18}.Debug|Any CPU.Build.0 = Debug|x64
		{80DC76D0-9378-4D68-A097-998F601F0F18}.Debug|Any CPU.Deploy.0 = Debug|x64
		{80DC76D0-9378-4D68-A097-998F601F0F18}.Debug|ARM64.ActiveCfg = Debug|ARM64
		{80DC76D0-9378-4D68-A097-998F601F0F18}.Debug|ARM64.Build.0 = Debug|ARM64
		{80DC76D0-9378-4D68-A097-998F601F0F18}.Debug|ARM64.Deploy.0 = Debug|ARM64
		{80DC76D0-9378-4D68-A097-998F601F0F18}.Debug|x64.ActiveCfg = Debug|x64
		{80DC76D0-9378-4D68-A097-998F601F0F18}.Debug|x64.Build.0 = Debug|x64
		{80DC76D0-9378-4D68-A097-998F601F0F18}.Debug|x64.Deploy.0 = Debug|x64
		{80DC76D0-9378-4D68-A097-998F601F0F18}.Debug|x86.ActiveCfg = Debug|x86
		{80DC76D0-9378-4D68-A097-998F601F0F18}.Debug|x86.Build.0 = Debug|x86
		{80DC76D0-9378-4D68-A097-998F601F0F18}.Debug|x86.Deploy.0 = Debug|x86
		{80DC76D0-9378-4D68-A097-998F601F0F18}.Release|Any CPU.ActiveCfg = Release|x64
		{80DC76D0-9378-4D68-A097-998F601F0F18}.Release|Any CPU.Build.0 = Release|x64
		{80DC76D0-9378-4D68-A097-998F601F0F18}.Release|Any CPU.Deploy.0 = Release|x64
		{80DC76D0-9378-4D68-A097-998F601F0F18}.Release|ARM64.ActiveCfg = Release|ARM64
		{80DC76D0-9378-4D68-A097-998F601F0F18}.Release|ARM64.Build.0 = Release|ARM64
		{80DC76D0-9378-4D68-A097-998F601F0F18}.Release|ARM64.Deploy.0 = Release|ARM64
		{80DC76D0-9378-4D68-A097-998F601F0F18}.Release|x64.ActiveCfg = Release|x64
		{80DC76D0-9378-4D68-A097-998F601F0F18}.Release|x64.Build.0 = Release|x64
		{80DC76D0-9378-4D68-A097-998F601F0F18}.Release|x64.Deploy.0 = Release|x64
		{80DC76D0-9378-4D68-A097-998F601F0F18}.Release|x86.ActiveCfg = Release|x86
		{80DC76D0-9378-4D68-A097-998F601F0F18}.Release|x86.Build.0 = Release|x86
		{80DC76D0-9378-4D68-A097-998F601F0F18}.Release|x86.Deploy.0 = Release|x86
	EndGlobalSection
	GlobalSection(SolutionProperties) = preSolution
		HideSolutionNode = FALSE
	EndGlobalSection
	GlobalSection(ExtensibilityGlobals) = postSolution
		SolutionGuid = {89729413-9229-4F23-B426-865A12BC5218}
	EndGlobalSection
EndGlobal
