<?xml version="1.0" encoding="utf-8"?>
<Project ToolsVersion="4.0" xmlns="http://schemas.microsoft.com/developer/msbuild/2003">
  <ItemGroup>
    <ClCompile Include="..\VirtualCameraTest\EVRHelper.cpp">
      <Filter>Source Files</Filter>
    </ClCompile>
    <ClCompile Include="..\VirtualCameraTest\HWMediaSourceUT.cpp">
      <Filter>Source Files</Filter>
    </ClCompile>
    <ClCompile Include="..\VirtualCameraTest\MediaCaptureUtils.cpp">
      <Filter>Source Files</Filter>
    </ClCompile>
    <ClCompile Include="..\VirtualCameraTest\MediaSourceUT_Common.cpp">
      <Filter>Source Files</Filter>
    </ClCompile>
    <ClCompile Include="..\VirtualCameraTest\SimpleMediaSourceUT.cpp">
      <Filter>Source Files</Filter>
    </ClCompile>
    <ClCompile Include="..\VirtualCameraTest\VCamUtils.cpp">
      <Filter>Source Files</Filter>
    </ClCompile>
    <ClCompile Include="main.cpp">
      <Filter>Source Files</Filter>
    </ClCompile>
    <ClCompile Include="pch.cpp">
      <Filter>Source Files</Filter>
    </ClCompile>
    <ClCompile Include="..\VirtualCameraTest\AugmentedMediaSourceUT.cpp">
      <Filter>Source Files</Filter>
    </ClCompile>
  </ItemGroup>
  <ItemGroup>
    <None Include="packages.config" />
    <None Include="PropertySheet.props" />
  </ItemGroup>
  <ItemGroup>
    <ClInclude Include="..\VirtualCameraTest\EVRHelper.h">
      <Filter>Header Files</Filter>
    </ClInclude>
    <ClInclude Include="..\VirtualCameraTest\HWMediaSourceUT.h">
      <Filter>Header Files</Filter>
    </ClInclude>
    <ClInclude Include="..\VirtualCameraTest\Logger.h">
      <Filter>Header Files</Filter>
    </ClInclude>
    <ClInclude Include="..\VirtualCameraTest\MediaCaptureUtils.h">
      <Filter>Header Files</Filter>
    </ClInclude>
    <ClInclude Include="..\VirtualCameraTest\MediaSourceUT_Common.h">
      <Filter>Header Files</Filter>
    </ClInclude>
    <ClInclude Include="pch.h">
      <Filter>Header Files</Filter>
    </ClInclude>
    <ClInclude Include="..\VirtualCameraTest\SimpleMediaSourceUT.h">
      <Filter>Header Files</Filter>
    </ClInclude>
    <ClInclude Include="..\VirtualCameraTest\VCamUtils.h">
      <Filter>Header Files</Filter>
    </ClInclude>
    <ClInclude Include="..\VirtualCameraTest\AugmentedMediaSourceUT.h">
      <Filter>Header Files</Filter>
    </ClInclude>
  </ItemGroup>
  <ItemGroup>
    <Filter Include="Header Files">
      <UniqueIdentifier>{fbdae649-e0d9-44b4-8671-bef9af049d11}</UniqueIdentifier>
      <Extensions>h;hh;hpp;hxx;hm;inl;inc;xsd</Extensions>
    </Filter>
    <Filter Include="Source Files">
      <UniqueIdentifier>{6a47c0f9-83fe-459f-9cbb-c64725e5d93a}</UniqueIdentifier>
      <Extensions>cpp;c;cc;cxx;def;odl;idl;hpj;bat;asm;asmx</Extensions>
    </Filter>
  </ItemGroup>
</Project>