<?xml version="1.0" encoding="utf-8"?>
<Project ToolsVersion="15.0" xmlns="http://schemas.microsoft.com/developer/msbuild/2003">
  <ItemGroup>
    <Filter Include="Resources">
      <UniqueIdentifier>accd3aa8-1ba0-4223-9bbe-0c431709210b</UniqueIdentifier>
      <Extensions>rc;ico;cur;bmp;dlg;rc2;rct;bin;rgs;gif;jpg;jpeg;jpe;resx;tga;tiff;tif;png;wav;mfcribbon-ms</Extensions>
    </Filter>
    <Filter Include="Generated Files">
      <UniqueIdentifier>{926ab91d-31b4-48c3-b9a4-e681349f27f0}</UniqueIdentifier>
    </Filter>
    <Filter Include="IDL">
      <UniqueIdentifier>{ec439c81-cfa4-471a-b9c0-2f27952611d4}</UniqueIdentifier>
    </Filter>
  </ItemGroup>
  <ItemGroup>
    <ClCompile Include="pch.cpp" />
    <ClCompile Include="$(GeneratedFilesDir)module.g.cpp" />
    <ClCompile Include="VirtualCameraProxy.cpp" />
    <ClCompile Include="VirtualCameraRegistrar.cpp" />
    <ClCompile Include="CustomCameraKsPropertyInquiry.cpp" />
  </ItemGroup>
  <ItemGroup>
    <ClInclude Include="pch.h" />
    <ClInclude Include="VirtualCameraProxy.h" />
    <ClInclude Include="VirtualCameraRegistrar.h" />
    <ClInclude Include="SimpleCustomPropertyPayload.h" />
    <ClInclude Include="CustomCameraKsPropertyInquiry.h" />
    <ClInclude Include="Common.h" />
    <ClInclude Include="BasicAugmentedMediaSourceCustomPropertyPayload.h" />
  </ItemGroup>
  <ItemGroup>
    <Midl Include="CameraKsPropertyInquiry.idl">
      <Filter>IDL</Filter>
    </Midl>
    <Midl Include="VirtualCameraManager.idl">
      <Filter>IDL</Filter>
    </Midl>
  </ItemGroup>
  <ItemGroup>
    <None Include="VirtualCameraManager_WinRT.def" />
    <None Include="packages.config" />
  </ItemGroup>
</Project>