
Microsoft Visual Studio Solution File, Format Version 12.00
# Visual Studio 15
VisualStudioVersion = 15.0.28307.572
MinimumVisualStudioVersion = 10.0.40219.1
Project("{8BC9CEB8-8B4A-11D0-8D11-00A0C91BC942}") = "WMCConsole_winrtcpp", "WMCConsole_winrtcpp.vcxproj", "{47BC8770-9955-48DD-818B-AF60855D1EEC}"
EndProject
Global
	GlobalSection(SolutionConfigurationPlatforms) = preSolution
		Debug|ARM = Debug|ARM
		Debug|ARM64 = Debug|ARM64
		Debug|x64 = Debug|x64
		Debug|x86 = Debug|x86
		Release|ARM = Release|ARM
		Release|ARM64 = Release|ARM64
		Release|x64 = Release|x64
		Release|x86 = Release|x86
	EndGlobalSection
	GlobalSection(ProjectConfigurationPlatforms) = postSolution
		{47BC8770-9955-48DD-818B-AF60855D1EEC}.Debug|ARM.ActiveCfg = Debug|ARM
		{47BC8770-9955-48DD-818B-AF60855D1EEC}.Debug|ARM.Build.0 = Debug|ARM
		{47BC8770-9955-48DD-818B-AF60855D1EEC}.Debug|ARM64.ActiveCfg = Debug|ARM64
		{47BC8770-9955-48DD-818B-AF60855D1EEC}.Debug|ARM64.Build.0 = Debug|ARM64
		{47BC8770-9955-48DD-818B-AF60855D1EEC}.Debug|x64.ActiveCfg = Debug|x64
		{47BC8770-9955-48DD-818B-AF60855D1EEC}.Debug|x64.Build.0 = Debug|x64
		{47BC8770-9955-48DD-818B-AF60855D1EEC}.Debug|x86.ActiveCfg = Debug|Win32
		{47BC8770-9955-48DD-818B-AF60855D1EEC}.Debug|x86.Build.0 = Debug|Win32
		{47BC8770-9955-48DD-818B-AF60855D1EEC}.Release|ARM.ActiveCfg = Release|ARM
		{47BC8770-9955-48DD-818B-AF60855D1EEC}.Release|ARM.Build.0 = Release|ARM
		{47BC8770-9955-48DD-818B-AF60855D1EEC}.Release|ARM64.ActiveCfg = Release|ARM64
		{47BC8770-9955-48DD-818B-AF60855D1EEC}.Release|ARM64.Build.0 = Release|ARM64
		{47BC8770-9955-48DD-818B-AF60855D1EEC}.Release|x64.ActiveCfg = Release|x64
		{47BC8770-9955-48DD-818B-AF60855D1EEC}.Release|x64.Build.0 = Release|x64
		{47BC8770-9955-48DD-818B-AF60855D1EEC}.Release|x86.ActiveCfg = Release|Win32
		{47BC8770-9955-48DD-818B-AF60855D1EEC}.Release|x86.Build.0 = Release|Win32
	EndGlobalSection
	GlobalSection(SolutionProperties) = preSolution
		HideSolutionNode = FALSE
	EndGlobalSection
	GlobalSection(ExtensibilityGlobals) = postSolution
		SolutionGuid = {A6F3C0AB-D21D-44EF-8D7B-16E930DAA203}
	EndGlobalSection
EndGlobal
